// !$*UTF8*$!
{
	archiveVersion = 1;
	classes = {
	};
	objectVersion = 48;
	objects = {

/* Begin PBXGroup section */
		D0AEECDC205A67B0001D8EF6 = {
			isa = PBXGroup;
			children = (
			);
			sourceTree = "<group>";
		};
/* End PBXGroup section */

/* Begin PBXProject section */
		D0AEECDD205A67B0001D8EF6 /* Project object */ = {
			isa = PBXProject;
			attributes = {
				LastUpgradeCheck = 0920;
			};
			buildConfigurationList = D0AEECE0205A67B0001D8EF6 /* Build configuration list for PBXProject "PBBase32" */;
			compatibilityVersion = "Xcode 8.0";
			developmentRegion = en;
			hasScannedForEncodings = 0;
			knownRegions = (
				en,
			);
			mainGroup = D0AEECDC205A67B0001D8EF6;
			projectDirPath = "";
			projectRoot = "";
			targets = (
			);
		};
/* End PBXProject section */

/* Begin XCBuildConfiguration section */
		D0AEECE1205A67B0001D8EF6 /* Debug */ = {
			isa = XCBuildConfiguration;
			buildSettings = {
			};
			name = Debug;
		};
		D0AEECE2205A67B0001D8EF6 /* Release */ = {
			isa = XCBuildConfiguration;
			buildSettings = {
			};
			name = Release;
		};
/* End XCBuildConfiguration section */

/* Begin XCConfigurationList section */
		D0AEECE0205A67B0001D8EF6 /* Build configuration list for PBXProject "PBBase32" */ = {
			isa = XCConfigurationList;
			buildConfigurations = (
				D0AEECE1205A67B0001D8EF6 /* Debug */,
				D0AEECE2205A67B0001D8EF6 /* Release */,
			);
			defaultConfigurationIsVisible = 0;
			defaultConfigurationName = Release;
		};
/* End XCConfigurationList section */
	};
	rootObject = D0AEECDD205A67B0001D8EF6 /* Project object */;
}
